
Microsoft Visual Studio Solution File, Format Version 12.00
# Visual Studio 15
VisualStudioVersion = 15.0.27004.2005
MinimumVisualStudioVersion = 10.0.40219.1
Project("{8BC9CEB8-8B4A-11D0-8D11-00A0C91BC942}") = "Tema3_SOD", "Tema3_SOD\Tema3_SOD.vcxproj", "{3B0D65C5-AEFA-4037-871A-5DD236150D50}"
EndProject
Global
	GlobalSection(SolutionConfigurationPlatforms) = preSolution
		Debug|x64 = Debug|x64
		Debug|x86 = Debug|x86
		Release|x64 = Release|x64
		Release|x86 = Release|x86
	EndGlobalSection
	GlobalSection(ProjectConfigurationPlatforms) = postSolution
		{3B0D65C5-AEFA-4037-871A-5DD236150D50}.Debug|x64.ActiveCfg = Debug|x64
		{3B0D65C5-AEFA-4037-871A-5DD236150D50}.Debug|x64.Build.0 = Debug|x64
		{3B0D65C5-AEFA-4037-871A-5DD236150D50}.Debug|x86.ActiveCfg = Debug|Win32
		{3B0D65C5-AEFA-4037-871A-5DD236150D50}.Debug|x86.Build.0 = Debug|Win32
		{3B0D65C5-AEFA-4037-871A-5DD236150D50}.Release|x64.ActiveCfg = Release|x64
		{3B0D65C5-AEFA-4037-871A-5DD236150D50}.Release|x64.Build.0 = Release|x64
		{3B0D65C5-AEFA-4037-871A-5DD236150D50}.Release|x86.ActiveCfg = Release|Win32
		{3B0D65C5-AEFA-4037-871A-5DD236150D50}.Release|x86.Build.0 = Release|Win32
	EndGlobalSection
	GlobalSection(SolutionProperties) = preSolution
		HideSolutionNode = FALSE
	EndGlobalSection
	GlobalSection(ExtensibilityGlobals) = postSolution
		SolutionGuid = {112331ED-6C1A-41FE-9634-8DEC5A32D165}
	EndGlobalSection
EndGlobal
